
Microsoft Visual Studio Solution File, Format Version 12.00
# Visual Studio Version 17
VisualStudioVersion = 17.0.32112.339
MinimumVisualStudioVersion = 10.0.40219.1
Project("{8BC9CEB8-8B4A-11D0-8D11-00A0C91BC942}") = "Data", "Data\Data.vcxproj", "{329013AE-9688-46BE-A312-2FA7BB40ECCC}"
EndProject
Global
	GlobalSection(SolutionConfigurationPlatforms) = preSolution
		Debug|x64 = Debug|x64
		Debug|x86 = Debug|x86
		Release|x64 = Release|x64
		Release|x86 = Release|x86
	EndGlobalSection
	GlobalSection(ProjectConfigurationPlatforms) = postSolution
		{329013AE-9688-46BE-A312-2FA7BB40ECCC}.Debug|x64.ActiveCfg = Debug|x64
		{329013AE-9688-46BE-A312-2FA7BB40ECCC}.Debug|x64.Build.0 = Debug|x64
		{329013AE-9688-46BE-A312-2FA7BB40ECCC}.Debug|x86.ActiveCfg = Debug|Win32
		{329013AE-9688-46BE-A312-2FA7BB40ECCC}.Debug|x86.Build.0 = Debug|Win32
		{329013AE-9688-46BE-A312-2FA7BB40ECCC}.Release|x64.ActiveCfg = Release|x64
		{329013AE-9688-46BE-A312-2FA7BB40ECCC}.Release|x64.Build.0 = Release|x64
		{329013AE-9688-46BE-A312-2FA7BB40ECCC}.Release|x86.ActiveCfg = Release|Win32
		{329013AE-9688-46BE-A312-2FA7BB40ECCC}.Release|x86.Build.0 = Release|Win32
	EndGlobalSection
	GlobalSection(SolutionProperties) = preSolution
		HideSolutionNode = FALSE
	EndGlobalSection
	GlobalSection(ExtensibilityGlobals) = postSolution
		SolutionGuid = {6BB9E64D-5C9C-471E-8EFF-730D3DEC9425}
	EndGlobalSection
EndGlobal
